
Microsoft Visual Studio Solution File, Format Version 12.00
# Visual Studio Version 17
VisualStudioVersion = 17.9.34728.123
MinimumVisualStudioVersion = 10.0.40219.1
Project("{FAE04EC0-301F-11D3-BF4B-00C04F79EFBC}") = "KillTrackerCS2", "KillTrackerCS2\KillTrackerCS2.csproj", "{1ED21395-DBBE-45E8-937A-AD3B61643A7B}"
EndProject
Global
	GlobalSection(SolutionConfigurationPlatforms) = preSolution
		Debug|Any CPU = Debug|Any CPU
		Debug|x64 = Debug|x64
		Release|Any CPU = Release|Any CPU
		Release|x64 = Release|x64
	EndGlobalSection
	GlobalSection(ProjectConfigurationPlatforms) = postSolution
		{1ED21395-DBBE-45E8-937A-AD3B61643A7B}.Debug|Any CPU.ActiveCfg = Debug|Any CPU
		{1ED21395-DBBE-45E8-937A-AD3B61643A7B}.Debug|Any CPU.Build.0 = Debug|Any CPU
		{1ED21395-DBBE-45E8-937A-AD3B61643A7B}.Debug|x64.ActiveCfg = Debug|x64
		{1ED21395-DBBE-45E8-937A-AD3B61643A7B}.Debug|x64.Build.0 = Debug|x64
		{1ED21395-DBBE-45E8-937A-AD3B61643A7B}.Release|Any CPU.ActiveCfg = Release|Any CPU
		{1ED21395-DBBE-45E8-937A-AD3B61643A7B}.Release|Any CPU.Build.0 = Release|Any CPU
		{1ED21395-DBBE-45E8-937A-AD3B61643A7B}.Release|x64.ActiveCfg = Release|x64
		{1ED21395-DBBE-45E8-937A-AD3B61643A7B}.Release|x64.Build.0 = Release|x64
	EndGlobalSection
	GlobalSection(SolutionProperties) = preSolution
		HideSolutionNode = FALSE
	EndGlobalSection
	GlobalSection(ExtensibilityGlobals) = postSolution
		SolutionGuid = {75D752C9-5EAB-4489-8FB9-1481B8833B00}
	EndGlobalSection
EndGlobal
